
Microsoft Visual Studio Solution File, Format Version 12.00
# Visual Studio Version 16
VisualStudioVersion = 16.0.30320.27
MinimumVisualStudioVersion = 10.0.40219.1
Project("{9A19103F-16F7-4668-BE54-9A1E7A4F7556}") = "Giants.Services", "Giants.Services\Giants.Services.csproj", "{0CD61424-4E74-4A48-A726-729FEA32C50C}"
EndProject
Project("{9A19103F-16F7-4668-BE54-9A1E7A4F7556}") = "Giants.DataContract", "Giants.DataContract\Giants.DataContract.csproj", "{D426FE47-231B-41F0-AC78-293D12EF66A0}"
EndProject
Project("{9A19103F-16F7-4668-BE54-9A1E7A4F7556}") = "Giants.WebApi", "Giants.WebApi\Giants.WebApi.csproj", "{9A284C34-8F4B-4E20-B74B-1A0AF04EDBD1}"
EndProject
Project("{FAE04EC0-301F-11D3-BF4B-00C04F79EFBC}") = "Giants.Launcher", "Giants.Launcher\Giants.Launcher.csproj", "{612FD606-F072-4A04-9054-65BC592E9D3E}"
EndProject
Project("{9A19103F-16F7-4668-BE54-9A1E7A4F7556}") = "Giants.WebApi.Clients", "Giants.WebApi.Clients\Giants.WebApi.Clients.csproj", "{D4C21170-82D4-4D1F-81EC-036835AC1238}"
EndProject
Project("{8BC9CEB8-8B4A-11D0-8D11-00A0C91BC942}") = "Shaders", "Shaders\Shaders.vcxproj", "{9A0AF60B-3C3B-45B7-B5E1-4C9997A68EBB}"
EndProject
Project("{9A19103F-16F7-4668-BE54-9A1E7A4F7556}") = "Giants.BinTools", "Giants.BinTools\Giants.BinTools.csproj", "{6286A2C7-15F0-4D87-B928-4B012F9E0FFE}"
EndProject
Project("{9A19103F-16F7-4668-BE54-9A1E7A4F7556}") = "Giants.EffectCompiler", "Giants.EffectCompiler\Giants.EffectCompiler.csproj", "{F5F3D216-9787-4CFF-88DF-8259CF667F88}"
EndProject
Project("{9A19103F-16F7-4668-BE54-9A1E7A4F7556}") = "Giants.EffectCompiler.Tests", "Giants.EffectCompiler.Tests\Giants.EffectCompiler.Tests.csproj", "{49423BA5-4A9F-47A3-9D2D-E83936272DD0}"
EndProject
Project("{2150E333-8FDC-42A3-9474-1A3956D46DE8}") = "Plugins", "Plugins", "{08011335-C6A1-417B-ACBF-09F8F0D0EA09}"
EndProject
Project("{8BC9CEB8-8B4A-11D0-8D11-00A0C91BC942}") = "imp_gbs", "Plugins\imp_gbs\imp_gbs.vcxproj", "{448F061E-AE05-4E06-84A1-C95660FD048C}"
EndProject
Global
	GlobalSection(SolutionConfigurationPlatforms) = preSolution
		Debug|Any CPU = Debug|Any CPU
		Debug|x64 = Debug|x64
		Debug|x86 = Debug|x86
		DebugBeta|Any CPU = DebugBeta|Any CPU
		DebugBeta|x64 = DebugBeta|x64
		DebugBeta|x86 = DebugBeta|x86
		Release|Any CPU = Release|Any CPU
		Release|x64 = Release|x64
		Release|x86 = Release|x86
		ReleaseBeta|Any CPU = ReleaseBeta|Any CPU
		ReleaseBeta|x64 = ReleaseBeta|x64
		ReleaseBeta|x86 = ReleaseBeta|x86
	EndGlobalSection
	GlobalSection(ProjectConfigurationPlatforms) = postSolution
		{0CD61424-4E74-4A48-A726-729FEA32C50C}.Debug|Any CPU.ActiveCfg = Debug|Any CPU
		{0CD61424-4E74-4A48-A726-729FEA32C50C}.Debug|Any CPU.Build.0 = Debug|Any CPU
		{0CD61424-4E74-4A48-A726-729FEA32C50C}.Debug|x64.ActiveCfg = Debug|Any CPU
		{0CD61424-4E74-4A48-A726-729FEA32C50C}.Debug|x64.Build.0 = Debug|Any CPU
		{0CD61424-4E74-4A48-A726-729FEA32C50C}.Debug|x86.ActiveCfg = Debug|Any CPU
		{0CD61424-4E74-4A48-A726-729FEA32C50C}.Debug|x86.Build.0 = Debug|Any CPU
		{0CD61424-4E74-4A48-A726-729FEA32C50C}.DebugBeta|Any CPU.ActiveCfg = Debug|Any CPU
		{0CD61424-4E74-4A48-A726-729FEA32C50C}.DebugBeta|Any CPU.Build.0 = Debug|Any CPU
		{0CD61424-4E74-4A48-A726-729FEA32C50C}.DebugBeta|x64.ActiveCfg = Debug|Any CPU
		{0CD61424-4E74-4A48-A726-729FEA32C50C}.DebugBeta|x64.Build.0 = Debug|Any CPU
		{0CD61424-4E74-4A48-A726-729FEA32C50C}.DebugBeta|x86.ActiveCfg = Debug|Any CPU
		{0CD61424-4E74-4A48-A726-729FEA32C50C}.DebugBeta|x86.Build.0 = Debug|Any CPU
		{0CD61424-4E74-4A48-A726-729FEA32C50C}.Release|Any CPU.ActiveCfg = Release|Any CPU
		{0CD61424-4E74-4A48-A726-729FEA32C50C}.Release|Any CPU.Build.0 = Release|Any CPU
		{0CD61424-4E74-4A48-A726-729FEA32C50C}.Release|x64.ActiveCfg = Release|Any CPU
		{0CD61424-4E74-4A48-A726-729FEA32C50C}.Release|x64.Build.0 = Release|Any CPU
		{0CD61424-4E74-4A48-A726-729FEA32C50C}.Release|x86.ActiveCfg = Release|Any CPU
		{0CD61424-4E74-4A48-A726-729FEA32C50C}.Release|x86.Build.0 = Release|Any CPU
		{0CD61424-4E74-4A48-A726-729FEA32C50C}.ReleaseBeta|Any CPU.ActiveCfg = Release|Any CPU
		{0CD61424-4E74-4A48-A726-729FEA32C50C}.ReleaseBeta|Any CPU.Build.0 = Release|Any CPU
		{0CD61424-4E74-4A48-A726-729FEA32C50C}.ReleaseBeta|x64.ActiveCfg = Release|Any CPU
		{0CD61424-4E74-4A48-A726-729FEA32C50C}.ReleaseBeta|x64.Build.0 = Release|Any CPU
		{0CD61424-4E74-4A48-A726-729FEA32C50C}.ReleaseBeta|x86.ActiveCfg = Release|Any CPU
		{0CD61424-4E74-4A48-A726-729FEA32C50C}.ReleaseBeta|x86.Build.0 = Release|Any CPU
		{D426FE47-231B-41F0-AC78-293D12EF66A0}.Debug|Any CPU.ActiveCfg = Debug|Any CPU
		{D426FE47-231B-41F0-AC78-293D12EF66A0}.Debug|Any CPU.Build.0 = Debug|Any CPU
		{D426FE47-231B-41F0-AC78-293D12EF66A0}.Debug|x64.ActiveCfg = Debug|Any CPU
		{D426FE47-231B-41F0-AC78-293D12EF66A0}.Debug|x64.Build.0 = Debug|Any CPU
		{D426FE47-231B-41F0-AC78-293D12EF66A0}.Debug|x86.ActiveCfg = Debug|Any CPU
		{D426FE47-231B-41F0-AC78-293D12EF66A0}.Debug|x86.Build.0 = Debug|Any CPU
		{D426FE47-231B-41F0-AC78-293D12EF66A0}.DebugBeta|Any CPU.ActiveCfg = Debug|Any CPU
		{D426FE47-231B-41F0-AC78-293D12EF66A0}.DebugBeta|Any CPU.Build.0 = Debug|Any CPU
		{D426FE47-231B-41F0-AC78-293D12EF66A0}.DebugBeta|x64.ActiveCfg = Debug|Any CPU
		{D426FE47-231B-41F0-AC78-293D12EF66A0}.DebugBeta|x64.Build.0 = Debug|Any CPU
		{D426FE47-231B-41F0-AC78-293D12EF66A0}.DebugBeta|x86.ActiveCfg = Debug|Any CPU
		{D426FE47-231B-41F0-AC78-293D12EF66A0}.DebugBeta|x86.Build.0 = Debug|Any CPU
		{D426FE47-231B-41F0-AC78-293D12EF66A0}.Release|Any CPU.ActiveCfg = Release|Any CPU
		{D426FE47-231B-41F0-AC78-293D12EF66A0}.Release|Any CPU.Build.0 = Release|Any CPU
		{D426FE47-231B-41F0-AC78-293D12EF66A0}.Release|x64.ActiveCfg = Release|Any CPU
		{D426FE47-231B-41F0-AC78-293D12EF66A0}.Release|x64.Build.0 = Release|Any CPU
		{D426FE47-231B-41F0-AC78-293D12EF66A0}.Release|x86.ActiveCfg = Release|Any CPU
		{D426FE47-231B-41F0-AC78-293D12EF66A0}.Release|x86.Build.0 = Release|Any CPU
		{D426FE47-231B-41F0-AC78-293D12EF66A0}.ReleaseBeta|Any CPU.ActiveCfg = Release|Any CPU
		{D426FE47-231B-41F0-AC78-293D12EF66A0}.ReleaseBeta|Any CPU.Build.0 = Release|Any CPU
		{D426FE47-231B-41F0-AC78-293D12EF66A0}.ReleaseBeta|x64.ActiveCfg = Release|Any CPU
		{D426FE47-231B-41F0-AC78-293D12EF66A0}.ReleaseBeta|x64.Build.0 = Release|Any CPU
		{D426FE47-231B-41F0-AC78-293D12EF66A0}.ReleaseBeta|x86.ActiveCfg = Release|Any CPU
		{D426FE47-231B-41F0-AC78-293D12EF66A0}.ReleaseBeta|x86.Build.0 = Release|Any CPU
		{9A284C34-8F4B-4E20-B74B-1A0AF04EDBD1}.Debug|Any CPU.ActiveCfg = Debug|Any CPU
		{9A284C34-8F4B-4E20-B74B-1A0AF04EDBD1}.Debug|Any CPU.Build.0 = Debug|Any CPU
		{9A284C34-8F4B-4E20-B74B-1A0AF04EDBD1}.Debug|x64.ActiveCfg = Debug|Any CPU
		{9A284C34-8F4B-4E20-B74B-1A0AF04EDBD1}.Debug|x64.Build.0 = Debug|Any CPU
		{9A284C34-8F4B-4E20-B74B-1A0AF04EDBD1}.Debug|x86.ActiveCfg = Debug|Any CPU
		{9A284C34-8F4B-4E20-B74B-1A0AF04EDBD1}.Debug|x86.Build.0 = Debug|Any CPU
		{9A284C34-8F4B-4E20-B74B-1A0AF04EDBD1}.DebugBeta|Any CPU.ActiveCfg = Debug|Any CPU
		{9A284C34-8F4B-4E20-B74B-1A0AF04EDBD1}.DebugBeta|Any CPU.Build.0 = Debug|Any CPU
		{9A284C34-8F4B-4E20-B74B-1A0AF04EDBD1}.DebugBeta|x64.ActiveCfg = Debug|Any CPU
		{9A284C34-8F4B-4E20-B74B-1A0AF04EDBD1}.DebugBeta|x64.Build.0 = Debug|Any CPU
		{9A284C34-8F4B-4E20-B74B-1A0AF04EDBD1}.DebugBeta|x86.ActiveCfg = Debug|Any CPU
		{9A284C34-8F4B-4E20-B74B-1A0AF04EDBD1}.DebugBeta|x86.Build.0 = Debug|Any CPU
		{9A284C34-8F4B-4E20-B74B-1A0AF04EDBD1}.Release|Any CPU.ActiveCfg = Release|Any CPU
		{9A284C34-8F4B-4E20-B74B-1A0AF04EDBD1}.Release|Any CPU.Build.0 = Release|Any CPU
		{9A284C34-8F4B-4E20-B74B-1A0AF04EDBD1}.Release|x64.ActiveCfg = Release|Any CPU
		{9A284C34-8F4B-4E20-B74B-1A0AF04EDBD1}.Release|x64.Build.0 = Release|Any CPU
		{9A284C34-8F4B-4E20-B74B-1A0AF04EDBD1}.Release|x86.ActiveCfg = Release|Any CPU
		{9A284C34-8F4B-4E20-B74B-1A0AF04EDBD1}.Release|x86.Build.0 = Release|Any CPU
		{9A284C34-8F4B-4E20-B74B-1A0AF04EDBD1}.ReleaseBeta|Any CPU.ActiveCfg = Release|Any CPU
		{9A284C34-8F4B-4E20-B74B-1A0AF04EDBD1}.ReleaseBeta|Any CPU.Build.0 = Release|Any CPU
		{9A284C34-8F4B-4E20-B74B-1A0AF04EDBD1}.ReleaseBeta|x64.ActiveCfg = Release|Any CPU
		{9A284C34-8F4B-4E20-B74B-1A0AF04EDBD1}.ReleaseBeta|x64.Build.0 = Release|Any CPU
		{9A284C34-8F4B-4E20-B74B-1A0AF04EDBD1}.ReleaseBeta|x86.ActiveCfg = Release|Any CPU
		{9A284C34-8F4B-4E20-B74B-1A0AF04EDBD1}.ReleaseBeta|x86.Build.0 = Release|Any CPU
		{612FD606-F072-4A04-9054-65BC592E9D3E}.Debug|Any CPU.ActiveCfg = Debug|Any CPU
		{612FD606-F072-4A04-9054-65BC592E9D3E}.Debug|Any CPU.Build.0 = Debug|Any CPU
		{612FD606-F072-4A04-9054-65BC592E9D3E}.Debug|x64.ActiveCfg = Debug|Any CPU
		{612FD606-F072-4A04-9054-65BC592E9D3E}.Debug|x64.Build.0 = Debug|Any CPU
		{612FD606-F072-4A04-9054-65BC592E9D3E}.Debug|x86.ActiveCfg = Debug|Any CPU
		{612FD606-F072-4A04-9054-65BC592E9D3E}.Debug|x86.Build.0 = Debug|Any CPU
		{612FD606-F072-4A04-9054-65BC592E9D3E}.DebugBeta|Any CPU.ActiveCfg = DebugBeta|Any CPU
		{612FD606-F072-4A04-9054-65BC592E9D3E}.DebugBeta|Any CPU.Build.0 = DebugBeta|Any CPU
		{612FD606-F072-4A04-9054-65BC592E9D3E}.DebugBeta|x64.ActiveCfg = Debug|Any CPU
		{612FD606-F072-4A04-9054-65BC592E9D3E}.DebugBeta|x64.Build.0 = Debug|Any CPU
		{612FD606-F072-4A04-9054-65BC592E9D3E}.DebugBeta|x86.ActiveCfg = Debug|Any CPU
		{612FD606-F072-4A04-9054-65BC592E9D3E}.DebugBeta|x86.Build.0 = Debug|Any CPU
		{612FD606-F072-4A04-9054-65BC592E9D3E}.Release|Any CPU.ActiveCfg = Release|Any CPU
		{612FD606-F072-4A04-9054-65BC592E9D3E}.Release|Any CPU.Build.0 = Release|Any CPU
		{612FD606-F072-4A04-9054-65BC592E9D3E}.Release|x64.ActiveCfg = Release|Any CPU
		{612FD606-F072-4A04-9054-65BC592E9D3E}.Release|x64.Build.0 = Release|Any CPU
		{612FD606-F072-4A04-9054-65BC592E9D3E}.Release|x86.ActiveCfg = Release|Any CPU
		{612FD606-F072-4A04-9054-65BC592E9D3E}.Release|x86.Build.0 = Release|Any CPU
		{612FD606-F072-4A04-9054-65BC592E9D3E}.ReleaseBeta|Any CPU.ActiveCfg = ReleaseBeta|Any CPU
		{612FD606-F072-4A04-9054-65BC592E9D3E}.ReleaseBeta|Any CPU.Build.0 = ReleaseBeta|Any CPU
		{612FD606-F072-4A04-9054-65BC592E9D3E}.ReleaseBeta|x64.ActiveCfg = Release|Any CPU
		{612FD606-F072-4A04-9054-65BC592E9D3E}.ReleaseBeta|x64.Build.0 = Release|Any CPU
		{612FD606-F072-4A04-9054-65BC592E9D3E}.ReleaseBeta|x86.ActiveCfg = Release|Any CPU
		{612FD606-F072-4A04-9054-65BC592E9D3E}.ReleaseBeta|x86.Build.0 = Release|Any CPU
		{D4C21170-82D4-4D1F-81EC-036835AC1238}.Debug|Any CPU.ActiveCfg = Debug|Any CPU
		{D4C21170-82D4-4D1F-81EC-036835AC1238}.Debug|Any CPU.Build.0 = Debug|Any CPU
		{D4C21170-82D4-4D1F-81EC-036835AC1238}.Debug|x64.ActiveCfg = Debug|Any CPU
		{D4C21170-82D4-4D1F-81EC-036835AC1238}.Debug|x64.Build.0 = Debug|Any CPU
		{D4C21170-82D4-4D1F-81EC-036835AC1238}.Debug|x86.ActiveCfg = Debug|Any CPU
		{D4C21170-82D4-4D1F-81EC-036835AC1238}.Debug|x86.Build.0 = Debug|Any CPU
		{D4C21170-82D4-4D1F-81EC-036835AC1238}.DebugBeta|Any CPU.ActiveCfg = Debug|Any CPU
		{D4C21170-82D4-4D1F-81EC-036835AC1238}.DebugBeta|Any CPU.Build.0 = Debug|Any CPU
		{D4C21170-82D4-4D1F-81EC-036835AC1238}.DebugBeta|x64.ActiveCfg = Debug|Any CPU
		{D4C21170-82D4-4D1F-81EC-036835AC1238}.DebugBeta|x64.Build.0 = Debug|Any CPU
		{D4C21170-82D4-4D1F-81EC-036835AC1238}.DebugBeta|x86.ActiveCfg = Debug|Any CPU
		{D4C21170-82D4-4D1F-81EC-036835AC1238}.DebugBeta|x86.Build.0 = Debug|Any CPU
		{D4C21170-82D4-4D1F-81EC-036835AC1238}.Release|Any CPU.ActiveCfg = Release|Any CPU
		{D4C21170-82D4-4D1F-81EC-036835AC1238}.Release|Any CPU.Build.0 = Release|Any CPU
		{D4C21170-82D4-4D1F-81EC-036835AC1238}.Release|x64.ActiveCfg = Release|Any CPU
		{D4C21170-82D4-4D1F-81EC-036835AC1238}.Release|x64.Build.0 = Release|Any CPU
		{D4C21170-82D4-4D1F-81EC-036835AC1238}.Release|x86.ActiveCfg = Release|Any CPU
		{D4C21170-82D4-4D1F-81EC-036835AC1238}.Release|x86.Build.0 = Release|Any CPU
		{D4C21170-82D4-4D1F-81EC-036835AC1238}.ReleaseBeta|Any CPU.ActiveCfg = Release|Any CPU
		{D4C21170-82D4-4D1F-81EC-036835AC1238}.ReleaseBeta|Any CPU.Build.0 = Release|Any CPU
		{D4C21170-82D4-4D1F-81EC-036835AC1238}.ReleaseBeta|x64.ActiveCfg = Release|Any CPU
		{D4C21170-82D4-4D1F-81EC-036835AC1238}.ReleaseBeta|x64.Build.0 = Release|Any CPU
		{D4C21170-82D4-4D1F-81EC-036835AC1238}.ReleaseBeta|x86.ActiveCfg = Release|Any CPU
		{D4C21170-82D4-4D1F-81EC-036835AC1238}.ReleaseBeta|x86.Build.0 = Release|Any CPU
		{9A0AF60B-3C3B-45B7-B5E1-4C9997A68EBB}.Debug|Any CPU.ActiveCfg = Debug|Win32
		{9A0AF60B-3C3B-45B7-B5E1-4C9997A68EBB}.Debug|Any CPU.Build.0 = Debug|Win32
		{9A0AF60B-3C3B-45B7-B5E1-4C9997A68EBB}.Debug|x64.ActiveCfg = Debug|Win32
		{9A0AF60B-3C3B-45B7-B5E1-4C9997A68EBB}.Debug|x86.ActiveCfg = Debug|Win32
		{9A0AF60B-3C3B-45B7-B5E1-4C9997A68EBB}.Debug|x86.Build.0 = Debug|Win32
		{9A0AF60B-3C3B-45B7-B5E1-4C9997A68EBB}.DebugBeta|Any CPU.ActiveCfg = Debug|Win32
		{9A0AF60B-3C3B-45B7-B5E1-4C9997A68EBB}.DebugBeta|Any CPU.Build.0 = Debug|Win32
		{9A0AF60B-3C3B-45B7-B5E1-4C9997A68EBB}.DebugBeta|x64.ActiveCfg = Debug|Win32
		{9A0AF60B-3C3B-45B7-B5E1-4C9997A68EBB}.DebugBeta|x86.ActiveCfg = Debug|Win32
		{9A0AF60B-3C3B-45B7-B5E1-4C9997A68EBB}.DebugBeta|x86.Build.0 = Debug|Win32
		{9A0AF60B-3C3B-45B7-B5E1-4C9997A68EBB}.Release|Any CPU.ActiveCfg = Release|Win32
		{9A0AF60B-3C3B-45B7-B5E1-4C9997A68EBB}.Release|Any CPU.Build.0 = Release|Win32
		{9A0AF60B-3C3B-45B7-B5E1-4C9997A68EBB}.Release|x64.ActiveCfg = Release|Win32
		{9A0AF60B-3C3B-45B7-B5E1-4C9997A68EBB}.Release|x86.ActiveCfg = Release|Win32
		{9A0AF60B-3C3B-45B7-B5E1-4C9997A68EBB}.Release|x86.Build.0 = Release|Win32
		{9A0AF60B-3C3B-45B7-B5E1-4C9997A68EBB}.ReleaseBeta|Any CPU.ActiveCfg = Release|Win32
		{9A0AF60B-3C3B-45B7-B5E1-4C9997A68EBB}.ReleaseBeta|Any CPU.Build.0 = Release|Win32
		{9A0AF60B-3C3B-45B7-B5E1-4C9997A68EBB}.ReleaseBeta|x64.ActiveCfg = Release|Win32
		{9A0AF60B-3C3B-45B7-B5E1-4C9997A68EBB}.ReleaseBeta|x86.ActiveCfg = Release|Win32
		{9A0AF60B-3C3B-45B7-B5E1-4C9997A68EBB}.ReleaseBeta|x86.Build.0 = Release|Win32
		{6286A2C7-15F0-4D87-B928-4B012F9E0FFE}.Debug|Any CPU.ActiveCfg = Debug|Any CPU
		{6286A2C7-15F0-4D87-B928-4B012F9E0FFE}.Debug|Any CPU.Build.0 = Debug|Any CPU
		{6286A2C7-15F0-4D87-B928-4B012F9E0FFE}.Debug|x64.ActiveCfg = Debug|Any CPU
		{6286A2C7-15F0-4D87-B928-4B012F9E0FFE}.Debug|x64.Build.0 = Debug|Any CPU
		{6286A2C7-15F0-4D87-B928-4B012F9E0FFE}.Debug|x86.ActiveCfg = Debug|Any CPU
		{6286A2C7-15F0-4D87-B928-4B012F9E0FFE}.Debug|x86.Build.0 = Debug|Any CPU
		{6286A2C7-15F0-4D87-B928-4B012F9E0FFE}.DebugBeta|Any CPU.ActiveCfg = Debug|Any CPU
		{6286A2C7-15F0-4D87-B928-4B012F9E0FFE}.DebugBeta|Any CPU.Build.0 = Debug|Any CPU
		{6286A2C7-15F0-4D87-B928-4B012F9E0FFE}.DebugBeta|x64.ActiveCfg = Debug|Any CPU
		{6286A2C7-15F0-4D87-B928-4B012F9E0FFE}.DebugBeta|x64.Build.0 = Debug|Any CPU
		{6286A2C7-15F0-4D87-B928-4B012F9E0FFE}.DebugBeta|x86.ActiveCfg = Debug|Any CPU
		{6286A2C7-15F0-4D87-B928-4B012F9E0FFE}.DebugBeta|x86.Build.0 = Debug|Any CPU
		{6286A2C7-15F0-4D87-B928-4B012F9E0FFE}.Release|Any CPU.ActiveCfg = Release|Any CPU
		{6286A2C7-15F0-4D87-B928-4B012F9E0FFE}.Release|Any CPU.Build.0 = Release|Any CPU
		{6286A2C7-15F0-4D87-B928-4B012F9E0FFE}.Release|x64.ActiveCfg = Release|Any CPU
		{6286A2C7-15F0-4D87-B928-4B012F9E0FFE}.Release|x64.Build.0 = Release|Any CPU
		{6286A2C7-15F0-4D87-B928-4B012F9E0FFE}.Release|x86.ActiveCfg = Release|Any CPU
		{6286A2C7-15F0-4D87-B928-4B012F9E0FFE}.Release|x86.Build.0 = Release|Any CPU
		{6286A2C7-15F0-4D87-B928-4B012F9E0FFE}.ReleaseBeta|Any CPU.ActiveCfg = Release|Any CPU
		{6286A2C7-15F0-4D87-B928-4B012F9E0FFE}.ReleaseBeta|Any CPU.Build.0 = Release|Any CPU
		{6286A2C7-15F0-4D87-B928-4B012F9E0FFE}.ReleaseBeta|x64.ActiveCfg = Release|Any CPU
		{6286A2C7-15F0-4D87-B928-4B012F9E0FFE}.ReleaseBeta|x64.Build.0 = Release|Any CPU
		{6286A2C7-15F0-4D87-B928-4B012F9E0FFE}.ReleaseBeta|x86.ActiveCfg = Release|Any CPU
		{6286A2C7-15F0-4D87-B928-4B012F9E0FFE}.ReleaseBeta|x86.Build.0 = Release|Any CPU
		{F5F3D216-9787-4CFF-88DF-8259CF667F88}.Debug|Any CPU.ActiveCfg = Debug|Any CPU
		{F5F3D216-9787-4CFF-88DF-8259CF667F88}.Debug|Any CPU.Build.0 = Debug|Any CPU
		{F5F3D216-9787-4CFF-88DF-8259CF667F88}.Debug|x64.ActiveCfg = Debug|Any CPU
		{F5F3D216-9787-4CFF-88DF-8259CF667F88}.Debug|x64.Build.0 = Debug|Any CPU
		{F5F3D216-9787-4CFF-88DF-8259CF667F88}.Debug|x86.ActiveCfg = Debug|Any CPU
		{F5F3D216-9787-4CFF-88DF-8259CF667F88}.Debug|x86.Build.0 = Debug|Any CPU
		{F5F3D216-9787-4CFF-88DF-8259CF667F88}.DebugBeta|Any CPU.ActiveCfg = Debug|Any CPU
		{F5F3D216-9787-4CFF-88DF-8259CF667F88}.DebugBeta|Any CPU.Build.0 = Debug|Any CPU
		{F5F3D216-9787-4CFF-88DF-8259CF667F88}.DebugBeta|x64.ActiveCfg = Debug|Any CPU
		{F5F3D216-9787-4CFF-88DF-8259CF667F88}.DebugBeta|x64.Build.0 = Debug|Any CPU
		{F5F3D216-9787-4CFF-88DF-8259CF667F88}.DebugBeta|x86.ActiveCfg = Debug|Any CPU
		{F5F3D216-9787-4CFF-88DF-8259CF667F88}.DebugBeta|x86.Build.0 = Debug|Any CPU
		{F5F3D216-9787-4CFF-88DF-8259CF667F88}.Release|Any CPU.ActiveCfg = Release|Any CPU
		{F5F3D216-9787-4CFF-88DF-8259CF667F88}.Release|Any CPU.Build.0 = Release|Any CPU
		{F5F3D216-9787-4CFF-88DF-8259CF667F88}.Release|x64.ActiveCfg = Release|Any CPU
		{F5F3D216-9787-4CFF-88DF-8259CF667F88}.Release|x64.Build.0 = Release|Any CPU
		{F5F3D216-9787-4CFF-88DF-8259CF667F88}.Release|x86.ActiveCfg = Release|Any CPU
		{F5F3D216-9787-4CFF-88DF-8259CF667F88}.Release|x86.Build.0 = Release|Any CPU
		{F5F3D216-9787-4CFF-88DF-8259CF667F88}.ReleaseBeta|Any CPU.ActiveCfg = Release|Any CPU
		{F5F3D216-9787-4CFF-88DF-8259CF667F88}.ReleaseBeta|Any CPU.Build.0 = Release|Any CPU
		{F5F3D216-9787-4CFF-88DF-8259CF667F88}.ReleaseBeta|x64.ActiveCfg = Release|Any CPU
		{F5F3D216-9787-4CFF-88DF-8259CF667F88}.ReleaseBeta|x64.Build.0 = Release|Any CPU
		{F5F3D216-9787-4CFF-88DF-8259CF667F88}.ReleaseBeta|x86.ActiveCfg = Release|Any CPU
		{F5F3D216-9787-4CFF-88DF-8259CF667F88}.ReleaseBeta|x86.Build.0 = Release|Any CPU
		{49423BA5-4A9F-47A3-9D2D-E83936272DD0}.Debug|Any CPU.ActiveCfg = Debug|Any CPU
		{49423BA5-4A9F-47A3-9D2D-E83936272DD0}.Debug|Any CPU.Build.0 = Debug|Any CPU
		{49423BA5-4A9F-47A3-9D2D-E83936272DD0}.Debug|x64.ActiveCfg = Debug|Any CPU
		{49423BA5-4A9F-47A3-9D2D-E83936272DD0}.Debug|x64.Build.0 = Debug|Any CPU
		{49423BA5-4A9F-47A3-9D2D-E83936272DD0}.Debug|x86.ActiveCfg = Debug|Any CPU
		{49423BA5-4A9F-47A3-9D2D-E83936272DD0}.Debug|x86.Build.0 = Debug|Any CPU
		{49423BA5-4A9F-47A3-9D2D-E83936272DD0}.DebugBeta|Any CPU.ActiveCfg = Debug|Any CPU
		{49423BA5-4A9F-47A3-9D2D-E83936272DD0}.DebugBeta|Any CPU.Build.0 = Debug|Any CPU
		{49423BA5-4A9F-47A3-9D2D-E83936272DD0}.DebugBeta|x64.ActiveCfg = Debug|Any CPU
		{49423BA5-4A9F-47A3-9D2D-E83936272DD0}.DebugBeta|x64.Build.0 = Debug|Any CPU
		{49423BA5-4A9F-47A3-9D2D-E83936272DD0}.DebugBeta|x86.ActiveCfg = Debug|Any CPU
		{49423BA5-4A9F-47A3-9D2D-E83936272DD0}.DebugBeta|x86.Build.0 = Debug|Any CPU
		{49423BA5-4A9F-47A3-9D2D-E83936272DD0}.Release|Any CPU.ActiveCfg = Release|Any CPU
		{49423BA5-4A9F-47A3-9D2D-E83936272DD0}.Release|Any CPU.Build.0 = Release|Any CPU
		{49423BA5-4A9F-47A3-9D2D-E83936272DD0}.Release|x64.ActiveCfg = Release|Any CPU
		{49423BA5-4A9F-47A3-9D2D-E83936272DD0}.Release|x64.Build.0 = Release|Any CPU
		{49423BA5-4A9F-47A3-9D2D-E83936272DD0}.Release|x86.ActiveCfg = Release|Any CPU
		{49423BA5-4A9F-47A3-9D2D-E83936272DD0}.Release|x86.Build.0 = Release|Any CPU
		{49423BA5-4A9F-47A3-9D2D-E83936272DD0}.ReleaseBeta|Any CPU.ActiveCfg = Release|Any CPU
		{49423BA5-4A9F-47A3-9D2D-E83936272DD0}.ReleaseBeta|Any CPU.Build.0 = Release|Any CPU
		{49423BA5-4A9F-47A3-9D2D-E83936272DD0}.ReleaseBeta|x64.ActiveCfg = Release|Any CPU
		{49423BA5-4A9F-47A3-9D2D-E83936272DD0}.ReleaseBeta|x64.Build.0 = Release|Any CPU
		{49423BA5-4A9F-47A3-9D2D-E83936272DD0}.ReleaseBeta|x86.ActiveCfg = Release|Any CPU
		{49423BA5-4A9F-47A3-9D2D-E83936272DD0}.ReleaseBeta|x86.Build.0 = Release|Any CPU
		{448F061E-AE05-4E06-84A1-C95660FD048C}.Debug|Any CPU.ActiveCfg = Debug|x64
		{448F061E-AE05-4E06-84A1-C95660FD048C}.Debug|Any CPU.Build.0 = Debug|x64
		{448F061E-AE05-4E06-84A1-C95660FD048C}.Debug|x64.ActiveCfg = Debug|x64
		{448F061E-AE05-4E06-84A1-C95660FD048C}.Debug|x64.Build.0 = Debug|x64
		{448F061E-AE05-4E06-84A1-C95660FD048C}.Debug|x86.ActiveCfg = Debug|Win32
		{448F061E-AE05-4E06-84A1-C95660FD048C}.Debug|x86.Build.0 = Debug|Win32
		{448F061E-AE05-4E06-84A1-C95660FD048C}.DebugBeta|Any CPU.ActiveCfg = Debug|x64
		{448F061E-AE05-4E06-84A1-C95660FD048C}.DebugBeta|Any CPU.Build.0 = Debug|x64
		{448F061E-AE05-4E06-84A1-C95660FD048C}.DebugBeta|x64.ActiveCfg = Debug|x64
		{448F061E-AE05-4E06-84A1-C95660FD048C}.DebugBeta|x64.Build.0 = Debug|x64
		{448F061E-AE05-4E06-84A1-C95660FD048C}.DebugBeta|x86.ActiveCfg = Debug|Win32
		{448F061E-AE05-4E06-84A1-C95660FD048C}.DebugBeta|x86.Build.0 = Debug|Win32
		{448F061E-AE05-4E06-84A1-C95660FD048C}.Release|Any CPU.ActiveCfg = Release|x64
		{448F061E-AE05-4E06-84A1-C95660FD048C}.Release|Any CPU.Build.0 = Release|x64
		{448F061E-AE05-4E06-84A1-C95660FD048C}.Release|x64.ActiveCfg = Release|x64
		{448F061E-AE05-4E06-84A1-C95660FD048C}.Release|x64.Build.0 = Release|x64
		{448F061E-AE05-4E06-84A1-C95660FD048C}.Release|x86.ActiveCfg = Release|Win32
		{448F061E-AE05-4E06-84A1-C95660FD048C}.Release|x86.Build.0 = Release|Win32
		{448F061E-AE05-4E06-84A1-C95660FD048C}.ReleaseBeta|Any CPU.ActiveCfg = Release|x64
		{448F061E-AE05-4E06-84A1-C95660FD048C}.ReleaseBeta|Any CPU.Build.0 = Release|x64
		{448F061E-AE05-4E06-84A1-C95660FD048C}.ReleaseBeta|x64.ActiveCfg = Release|x64
		{448F061E-AE05-4E06-84A1-C95660FD048C}.ReleaseBeta|x64.Build.0 = Release|x64
		{448F061E-AE05-4E06-84A1-C95660FD048C}.ReleaseBeta|x86.ActiveCfg = Release|Win32
		{448F061E-AE05-4E06-84A1-C95660FD048C}.ReleaseBeta|x86.Build.0 = Release|Win32
	EndGlobalSection
	GlobalSection(SolutionProperties) = preSolution
		HideSolutionNode = FALSE
	EndGlobalSection
	GlobalSection(NestedProjects) = preSolution
		{448F061E-AE05-4E06-84A1-C95660FD048C} = {08011335-C6A1-417B-ACBF-09F8F0D0EA09}
	EndGlobalSection
	GlobalSection(ExtensibilityGlobals) = postSolution
		SolutionGuid = {5B1F49CA-E8B9-4763-8476-FC8FB7A944E6}
	EndGlobalSection
EndGlobal
