{
  "version": 1,
  "dependencies": {
    ".NETFramework,Version=v4.7.2": {
      "Newtonsoft.Json": {
        "type": "Direct",
        "requested": "[13.0.3, )",
        "resolved": "13.0.3",
        "contentHash": "HrC5BXdl00IP9zeV+0Z848QWPAoCr9P3bDEZguI+gkLcBKAOxix/tLEAAHC+UvDNPv4a2d18lOReHMOagPa+zQ=="
      },
      "NSwag.MSBuild": {
        "type": "Direct",
        "requested": "[14.4.0, )",
        "resolved": "14.4.0",
        "contentHash": "B3E3iGDzTE6jTUHnRiitlXQSGh0NGl0c1wI5zr2/OGS1/oXoxrbKZw3xgNF2opPpDei5pRNbxFJeo7RDMh9log=="
      }
    }
  }
}