<?xml version="1.0" encoding="utf-8"?>
<Project ToolsVersion="4.0" xmlns="http://schemas.microsoft.com/developer/msbuild/2003">
  <ItemGroup>
    <CustomBuild Include="fx\LandBump.fx" />
    <CustomBuild Include="fx\Ocean.fx" />
    <CustomBuild Include="fx\Sky.fx" />
    <CustomBuild Include="fx\Water.fx" />
    <CustomBuild Include="fx\Object.fx" />
  </ItemGroup>
  <ItemGroup>
    <Filter Include="Include">
      <UniqueIdentifier>{026956f1-0f27-4b3d-80ab-f81eafce58f5}</UniqueIdentifier>
    </Filter>
    <Filter Include="Pixel">
      <UniqueIdentifier>{0ead58ec-1210-4df1-88c8-dfd73f6fb054}</UniqueIdentifier>
    </Filter>
  </ItemGroup>
  <ItemGroup>
    <None Include="FFP_orig.fx" />
    <None Include="fxh\Constants.fxh">
      <Filter>Include</Filter>
    </None>
    <None Include="fxh\Lighting.fxh">
      <Filter>Include</Filter>
    </None>
    <None Include="packages.config" />
  </ItemGroup>
  <ItemGroup>
    <FxCompile Include="reference\FixedFuncEMU.fx" />
  </ItemGroup>
</Project>