{
  "version": 1,
  "dependencies": {
    "net6.0": {
      "Newtonsoft.Json": {
        "type": "Direct",
        "requested": "[13.0.1, )",
        "resolved": "13.0.1",
        "contentHash": "ppPFpBcvxdsfUonNcvITKqLl3bqxWbDCZIzDWHzjpdAHRFfZe0Dw9HmA0+za13IdyrgJwpkDTDA9fHaxOrt20A=="
      },
      "NLog": {
        "type": "Direct",
        "requested": "[5.0.4, )",
        "resolved": "5.0.4",
        "contentHash": "hMyC7jq1m7c339DZXTRz96b+0YsIYSwAUB8sAWMtqXd2uwJjYe+y1k74fbItODPqDuE/krd6A4mxew9gLMS+PQ=="
      }
    }
  }
}